
Microsoft Visual Studio Solution File, Format Version 12.00
# Visual Studio 14
VisualStudioVersion = 14.0.23107.0
MinimumVisualStudioVersion = 10.0.40219.1
Project("{FAE04EC0-301F-11D3-BF4B-00C04F79EFBC}") = "SampleService", "SampleService\SampleService.csproj", "{DC6DB573-EF7D-4EAB-AAC4-4141C1EB03E2}"
EndProject
Project("{FAE04EC0-301F-11D3-BF4B-00C04F79EFBC}") = "ServiceLibrary", "ServiceLibrary\ServiceLibrary.csproj", "{BBA57DD0-8767-4D99-B006-A1EC0228A2AB}"
EndProject
Global
	GlobalSection(SolutionConfigurationPlatforms) = preSolution
		Debug|Any CPU = Debug|Any CPU
		Release|Any CPU = Release|Any CPU
	EndGlobalSection
	GlobalSection(ProjectConfigurationPlatforms) = postSolution
		{DC6DB573-EF7D-4EAB-AAC4-4141C1EB03E2}.Debug|Any CPU.ActiveCfg = Debug|Any CPU
		{DC6DB573-EF7D-4EAB-AAC4-4141C1EB03E2}.Debug|Any CPU.Build.0 = Debug|Any CPU
		{DC6DB573-EF7D-4EAB-AAC4-4141C1EB03E2}.Release|Any CPU.ActiveCfg = Release|Any CPU
		{DC6DB573-EF7D-4EAB-AAC4-4141C1EB03E2}.Release|Any CPU.Build.0 = Release|Any CPU
		{BBA57DD0-8767-4D99-B006-A1EC0228A2AB}.Debug|Any CPU.ActiveCfg = Debug|Any CPU
		{BBA57DD0-8767-4D99-B006-A1EC0228A2AB}.Debug|Any CPU.Build.0 = Debug|Any CPU
		{BBA57DD0-8767-4D99-B006-A1EC0228A2AB}.Release|Any CPU.ActiveCfg = Release|Any CPU
		{BBA57DD0-8767-4D99-B006-A1EC0228A2AB}.Release|Any CPU.Build.0 = Release|Any CPU
	EndGlobalSection
	GlobalSection(SolutionProperties) = preSolution
		HideSolutionNode = FALSE
	EndGlobalSection
EndGlobal
